
Microsoft Visual Studio Solution File, Format Version 12.00
# Visual Studio Version 16
VisualStudioVersion = 16.0.31729.503
MinimumVisualStudioVersion = 10.0.40219.1
Project("{FAE04EC0-301F-11D3-BF4B-00C04F79EFBC}") = "RentACar", "RentACar\RentACar.csproj", "{AC846A19-2C0B-4871-A65D-BBF534167410}"
EndProject
Project("{FAE04EC0-301F-11D3-BF4B-00C04F79EFBC}") = "Business", "ClassLibrary1\Business.csproj", "{F91C7FC6-5F9D-4219-963D-F82DDBEA6B84}"
EndProject
Global
	GlobalSection(SolutionConfigurationPlatforms) = preSolution
		Debug|Any CPU = Debug|Any CPU
		Release|Any CPU = Release|Any CPU
	EndGlobalSection
	GlobalSection(ProjectConfigurationPlatforms) = postSolution
		{AC846A19-2C0B-4871-A65D-BBF534167410}.Debug|Any CPU.ActiveCfg = Debug|Any CPU
		{AC846A19-2C0B-4871-A65D-BBF534167410}.Debug|Any CPU.Build.0 = Debug|Any CPU
		{AC846A19-2C0B-4871-A65D-BBF534167410}.Release|Any CPU.ActiveCfg = Release|Any CPU
		{AC846A19-2C0B-4871-A65D-BBF534167410}.Release|Any CPU.Build.0 = Release|Any CPU
		{F91C7FC6-5F9D-4219-963D-F82DDBEA6B84}.Debug|Any CPU.ActiveCfg = Debug|Any CPU
		{F91C7FC6-5F9D-4219-963D-F82DDBEA6B84}.Debug|Any CPU.Build.0 = Debug|Any CPU
		{F91C7FC6-5F9D-4219-963D-F82DDBEA6B84}.Release|Any CPU.ActiveCfg = Release|Any CPU
		{F91C7FC6-5F9D-4219-963D-F82DDBEA6B84}.Release|Any CPU.Build.0 = Release|Any CPU
	EndGlobalSection
	GlobalSection(SolutionProperties) = preSolution
		HideSolutionNode = FALSE
	EndGlobalSection
	GlobalSection(ExtensibilityGlobals) = postSolution
		SolutionGuid = {8AC3D516-4C69-47DC-9E55-0AA4C059D981}
	EndGlobalSection
EndGlobal
